
Microsoft Visual Studio Solution File, Format Version 12.00
# Visual Studio Version 17
VisualStudioVersion = 17.7.34003.232
MinimumVisualStudioVersion = 10.0.40219.1
Project("{FAE04EC0-301F-11D3-BF4B-00C04F79EFBC}") = "CitiesDemo", "CitiesDemo.csproj", "{B9D54F7E-095D-4E53-9723-C9CD5D0956F0}"
EndProject
Global
	GlobalSection(SolutionConfigurationPlatforms) = preSolution
		Debug|Any CPU = Debug|Any CPU
		Release|Any CPU = Release|Any CPU
	EndGlobalSection
	GlobalSection(ProjectConfigurationPlatforms) = postSolution
		{B9D54F7E-095D-4E53-9723-C9CD5D0956F0}.Debug|Any CPU.ActiveCfg = Debug|Any CPU
		{B9D54F7E-095D-4E53-9723-C9CD5D0956F0}.Debug|Any CPU.Build.0 = Debug|Any CPU
		{B9D54F7E-095D-4E53-9723-C9CD5D0956F0}.Release|Any CPU.ActiveCfg = Release|Any CPU
		{B9D54F7E-095D-4E53-9723-C9CD5D0956F0}.Release|Any CPU.Build.0 = Release|Any CPU
	EndGlobalSection
	GlobalSection(SolutionProperties) = preSolution
		HideSolutionNode = FALSE
	EndGlobalSection
	GlobalSection(ExtensibilityGlobals) = postSolution
		SolutionGuid = {9E08B1E9-40B9-4FFE-A026-3496F1E02CD6}
	EndGlobalSection
EndGlobal
